
Microsoft Visual Studio Solution File, Format Version 12.00
# Visual Studio Version 16
VisualStudioVersion = 16.0.32802.440
MinimumVisualStudioVersion = 10.0.40219.1
Project("{FAE04EC0-301F-11D3-BF4B-00C04F79EFBC}") = "WriteItDown", "WriteItDown\WriteItDown.csproj", "{826FF3CB-E620-4D8F-9E40-549745FB1CFA}"
EndProject
Global
	GlobalSection(SolutionConfigurationPlatforms) = preSolution
		Debug|Any CPU = Debug|Any CPU
		Release|Any CPU = Release|Any CPU
	EndGlobalSection
	GlobalSection(ProjectConfigurationPlatforms) = postSolution
		{826FF3CB-E620-4D8F-9E40-549745FB1CFA}.Debug|Any CPU.ActiveCfg = Debug|Any CPU
		{826FF3CB-E620-4D8F-9E40-549745FB1CFA}.Debug|Any CPU.Build.0 = Debug|Any CPU
		{826FF3CB-E620-4D8F-9E40-549745FB1CFA}.Release|Any CPU.ActiveCfg = Release|Any CPU
		{826FF3CB-E620-4D8F-9E40-549745FB1CFA}.Release|Any CPU.Build.0 = Release|Any CPU
	EndGlobalSection
	GlobalSection(SolutionProperties) = preSolution
		HideSolutionNode = FALSE
	EndGlobalSection
	GlobalSection(ExtensibilityGlobals) = postSolution
		SolutionGuid = {A3F33325-2815-4410-BDC4-BE380DE4A39C}
	EndGlobalSection
EndGlobal
